
Microsoft Visual Studio Solution File, Format Version 12.00
# Visual Studio Version 16
VisualStudioVersion = 16.0.31313.79
MinimumVisualStudioVersion = 10.0.40219.1
Project("{FAE04EC0-301F-11D3-BF4B-00C04F79EFBC}") = "cadastrocliente", "cadastrocliente\cadastrocliente.csproj", "{645AB28D-5991-439F-AD53-43B50ADCE452}"
EndProject
Global
	GlobalSection(SolutionConfigurationPlatforms) = preSolution
		Debug|Any CPU = Debug|Any CPU
		Release|Any CPU = Release|Any CPU
	EndGlobalSection
	GlobalSection(ProjectConfigurationPlatforms) = postSolution
		{645AB28D-5991-439F-AD53-43B50ADCE452}.Debug|Any CPU.ActiveCfg = Debug|Any CPU
		{645AB28D-5991-439F-AD53-43B50ADCE452}.Debug|Any CPU.Build.0 = Debug|Any CPU
		{645AB28D-5991-439F-AD53-43B50ADCE452}.Release|Any CPU.ActiveCfg = Release|Any CPU
		{645AB28D-5991-439F-AD53-43B50ADCE452}.Release|Any CPU.Build.0 = Release|Any CPU
	EndGlobalSection
	GlobalSection(SolutionProperties) = preSolution
		HideSolutionNode = FALSE
	EndGlobalSection
	GlobalSection(ExtensibilityGlobals) = postSolution
		SolutionGuid = {05C707B3-F7CF-4497-9D2B-78D05B42832B}
	EndGlobalSection
EndGlobal
